github.com/ebitengine/purego v0.9.0 h1:mh0zpKBIXDceC63hpvPuGLiJ8ZAa3DfrFTudmfi8A4k=
github.com/ebitengine/purego v0.9.0/go.mod h1:iIjxzd6CiRiOG0UyXP+V1+jWqUXVjPKLAI0mRfJZTmQ=
github.com/up-zero/gotool v0.0.0-20260105010850-4a05e8fadd54 h1:am0pSei7ialD/EsBcWDo+gu2yVcCZz0Hv7ksOKJQll0=
github.com/up-zero/gotool v0.0.0-20260105010850-4a05e8fadd54/go.mod h1:+jwIpLHojqHUvbEmNXv/F5acdHSEkJIbNXRqT1IE78I=
